
Microsoft Visual Studio Solution File, Format Version 12.00
# Visual Studio Version 16
VisualStudioVersion = 16.0.29319.158
MinimumVisualStudioVersion = 10.0.40219.1
Project("{FAE04EC0-301F-11D3-BF4B-00C04F79EFBC}") = "USBRead", "USBRead\USBRead.csproj", "{68B37CB8-DAA2-4463-9650-C0FCC1BA3521}"
EndProject
Global
	GlobalSection(SolutionConfigurationPlatforms) = preSolution
		Debug|Any CPU = Debug|Any CPU
		Release|Any CPU = Release|Any CPU
	EndGlobalSection
	GlobalSection(ProjectConfigurationPlatforms) = postSolution
		{68B37CB8-DAA2-4463-9650-C0FCC1BA3521}.Debug|Any CPU.ActiveCfg = Debug|Any CPU
		{68B37CB8-DAA2-4463-9650-C0FCC1BA3521}.Debug|Any CPU.Build.0 = Debug|Any CPU
		{68B37CB8-DAA2-4463-9650-C0FCC1BA3521}.Release|Any CPU.ActiveCfg = Release|Any CPU
		{68B37CB8-DAA2-4463-9650-C0FCC1BA3521}.Release|Any CPU.Build.0 = Release|Any CPU
	EndGlobalSection
	GlobalSection(SolutionProperties) = preSolution
		HideSolutionNode = FALSE
	EndGlobalSection
	GlobalSection(ExtensibilityGlobals) = postSolution
		SolutionGuid = {B9CD7311-EEE0-42B2-9900-8E09FBC968B6}
	EndGlobalSection
EndGlobal
